
Microsoft Visual Studio Solution File, Format Version 12.00
# Visual Studio Version 17
VisualStudioVersion = 17.1.32421.90
MinimumVisualStudioVersion = 10.0.40219.1
Project("{FAE04EC0-301F-11D3-BF4B-00C04F79EFBC}") = "Numeros_pares", "Numeros_pares.csproj", "{1B91FA3E-8A32-4929-9579-21E758C463A0}"
EndProject
Global
	GlobalSection(SolutionConfigurationPlatforms) = preSolution
		Debug|Any CPU = Debug|Any CPU
		Release|Any CPU = Release|Any CPU
	EndGlobalSection
	GlobalSection(ProjectConfigurationPlatforms) = postSolution
		{1B91FA3E-8A32-4929-9579-21E758C463A0}.Debug|Any CPU.ActiveCfg = Debug|Any CPU
		{1B91FA3E-8A32-4929-9579-21E758C463A0}.Debug|Any CPU.Build.0 = Debug|Any CPU
		{1B91FA3E-8A32-4929-9579-21E758C463A0}.Release|Any CPU.ActiveCfg = Release|Any CPU
		{1B91FA3E-8A32-4929-9579-21E758C463A0}.Release|Any CPU.Build.0 = Release|Any CPU
	EndGlobalSection
	GlobalSection(SolutionProperties) = preSolution
		HideSolutionNode = FALSE
	EndGlobalSection
	GlobalSection(ExtensibilityGlobals) = postSolution
		SolutionGuid = {0C055771-474E-4F44-B9C1-AF794AD137DA}
	EndGlobalSection
EndGlobal
