
Microsoft Visual Studio Solution File, Format Version 12.00
# Visual Studio Version 17
VisualStudioVersion = 17.1.32421.90
MinimumVisualStudioVersion = 10.0.40219.1
Project("{FAE04EC0-301F-11D3-BF4B-00C04F79EFBC}") = "Area_do_Circulo", "Area_do_Circulo.csproj", "{8CF2BA93-27DB-4EE6-8A45-EF2B3E179A22}"
EndProject
Global
	GlobalSection(SolutionConfigurationPlatforms) = preSolution
		Debug|Any CPU = Debug|Any CPU
		Release|Any CPU = Release|Any CPU
	EndGlobalSection
	GlobalSection(ProjectConfigurationPlatforms) = postSolution
		{8CF2BA93-27DB-4EE6-8A45-EF2B3E179A22}.Debug|Any CPU.ActiveCfg = Debug|Any CPU
		{8CF2BA93-27DB-4EE6-8A45-EF2B3E179A22}.Debug|Any CPU.Build.0 = Debug|Any CPU
		{8CF2BA93-27DB-4EE6-8A45-EF2B3E179A22}.Release|Any CPU.ActiveCfg = Release|Any CPU
		{8CF2BA93-27DB-4EE6-8A45-EF2B3E179A22}.Release|Any CPU.Build.0 = Release|Any CPU
	EndGlobalSection
	GlobalSection(SolutionProperties) = preSolution
		HideSolutionNode = FALSE
	EndGlobalSection
	GlobalSection(ExtensibilityGlobals) = postSolution
		SolutionGuid = {12FD7DE7-99E4-4362-B4AC-72CC9E8847FF}
	EndGlobalSection
EndGlobal
