
Microsoft Visual Studio Solution File, Format Version 12.00
# Visual Studio Version 17
VisualStudioVersion = 17.1.32421.90
MinimumVisualStudioVersion = 10.0.40219.1
Project("{FAE04EC0-301F-11D3-BF4B-00C04F79EFBC}") = "Intervalo_2", "Intervalo_2.csproj", "{FCF304C8-940A-460C-9A9A-DB58E0557124}"
EndProject
Global
	GlobalSection(SolutionConfigurationPlatforms) = preSolution
		Debug|Any CPU = Debug|Any CPU
		Release|Any CPU = Release|Any CPU
	EndGlobalSection
	GlobalSection(ProjectConfigurationPlatforms) = postSolution
		{FCF304C8-940A-460C-9A9A-DB58E0557124}.Debug|Any CPU.ActiveCfg = Debug|Any CPU
		{FCF304C8-940A-460C-9A9A-DB58E0557124}.Debug|Any CPU.Build.0 = Debug|Any CPU
		{FCF304C8-940A-460C-9A9A-DB58E0557124}.Release|Any CPU.ActiveCfg = Release|Any CPU
		{FCF304C8-940A-460C-9A9A-DB58E0557124}.Release|Any CPU.Build.0 = Release|Any CPU
	EndGlobalSection
	GlobalSection(SolutionProperties) = preSolution
		HideSolutionNode = FALSE
	EndGlobalSection
	GlobalSection(ExtensibilityGlobals) = postSolution
		SolutionGuid = {52AF7116-0E9A-447C-BF4F-69D76378A460}
	EndGlobalSection
EndGlobal
